github.com/crgimenes/filo v0.0.28 h1:cjOZG67dC7FTHjURgDhQllZve7asvh/Lq9FK01enBno=
github.com/crgimenes/filo v0.0.28/go.mod h1:KmVbVAr7nleiZprZLWHXoaVW+I+NuftpUDdUmBbaIHs=
github.com/crgimenes/glaze v0.0.76 h1:asYs2kzIG3y2oEsVyvZiUhf3H2B9lZ9rLLqj22EMT9c=
github.com/crgimenes/glaze v0.0.76/go.mod h1:6entg9bLZvTDjEuVBX/tO2c4I1HlMPuerkpnVwIVFZo=
github.com/crgimenes/native v0.1.16 h1:8uAjc8qiSr1HlEE0GPPU+Ua070LLeGXXRUVSX6u32ZY=
github.com/crgimenes/native v0.1.16/go.mod h1:Z+AGFxyW5htcS1+VnF/tAokG+o4JcPOlkcfbyAd1hes=
github.com/ebitengine/purego v0.11.1 h1:2zpWRSQNVKN4eKsKO9eM1ILDgWfYMY9GwqRmK6XeQ/0=
github.com/ebitengine/purego v0.11.1/go.mod h1:DCHPP08djqhNSoTfImcnHYQRZmd0qhakvrozqaEYhGQ=
